// !$*UTF8*$!
{
	archiveVersion = 1;
	classes = {
	};
	objectVersion = 56;
	objects = {

/* Begin PBXBuildFile section */
		D803D98829A9335D006F4D6A /* ContentView.swift in Sources */ = {isa = PBXBuildFile; fileRef = D803D98729A9335D006F4D6A /* ContentView.swift */; };
		D803D98A29A9335D006F4D6A /* Assets.xcassets in Resources */ = {isa = PBXBuildFile; fileRef = D803D98929A9335D006F4D6A /* Assets.xcassets */; };
		D803D98D29A9335D006F4D6A /* Preview Assets.xcassets in Resources */ = {isa = PBXBuildFile; fileRef = D803D98C29A9335D006F4D6A /* Preview Assets.xcassets */; };
		D803D99C29A9345A006F4D6A /* Enums.Voices.swift in Sources */ = {isa = PBXBuildFile; fileRef = D803D99629A9345A006F4D6A /* Enums.Voices.swift */; };
		D803D99D29A9345A006F4D6A /* EnumsAndConstants.swift in Sources */ = {isa = PBXBuildFile; fileRef = D803D99729A9345A006F4D6A /* EnumsAndConstants.swift */; };
		D803D99E29A9345A006F4D6A /* Enums.LanguagePairs.swift in Sources */ = {isa = PBXBuildFile; fileRef = D803D99829A9345A006F4D6A /* Enums.LanguagePairs.swift */; };
		D803D99F29A9345A006F4D6A /* Enums.WorldsUnit.swift in Sources */ = {isa = PBXBuildFile; fileRef = D803D99929A9345A006F4D6A /* Enums.WorldsUnit.swift */; };
		D803D9A029A9345A006F4D6A /* Enums.TextBlocks.swift in Sources */ = {isa = PBXBuildFile; fileRef = D803D99A29A9345A006F4D6A /* Enums.TextBlocks.swift */; };
		D803D9A129A9345A006F4D6A /* Enums.Debugging.swift in Sources */ = {isa = PBXBuildFile; fileRef = D803D99B29A9345A006F4D6A /* Enums.Debugging.swift */; };
		D803D9AD29A9347F006F4D6A /* Extensions.swift in Sources */ = {isa = PBXBuildFile; fileRef = D803D9A529A9347F006F4D6A /* Extensions.swift */; };
		D803D9AE29A9347F006F4D6A /* VoiceModel.swift in Sources */ = {isa = PBXBuildFile; fileRef = D803D9A629A9347F006F4D6A /* VoiceModel.swift */; };
		D803D9AF29A9347F006F4D6A /* ConsoleFunctions.swift in Sources */ = {isa = PBXBuildFile; fileRef = D803D9A729A9347F006F4D6A /* ConsoleFunctions.swift */; };
		D803D9B129A9347F006F4D6A /* LanguageModel.swift in Sources */ = {isa = PBXBuildFile; fileRef = D803D9A929A9347F006F4D6A /* LanguageModel.swift */; };
		D803D9B229A9347F006F4D6A /* DebugMethods.swift in Sources */ = {isa = PBXBuildFile; fileRef = D803D9AA29A9347F006F4D6A /* DebugMethods.swift */; };
		D803D9B429A9347F006F4D6A /* SweetnessModel.swift in Sources */ = {isa = PBXBuildFile; fileRef = D803D9AC29A9347F006F4D6A /* SweetnessModel.swift */; };
		D803D9C729A9349C006F4D6A /* BloodGLucoseViewHandlers.swift in Sources */ = {isa = PBXBuildFile; fileRef = D803D9B729A9349B006F4D6A /* BloodGLucoseViewHandlers.swift */; };
		D803D9C829A9349C006F4D6A /* BloodGlucoseViewComponents.swift in Sources */ = {isa = PBXBuildFile; fileRef = D803D9B829A9349B006F4D6A /* BloodGlucoseViewComponents.swift */; };
		D803D9C929A9349C006F4D6A /* BloodGlucoseView.swift in Sources */ = {isa = PBXBuildFile; fileRef = D803D9B929A9349B006F4D6A /* BloodGlucoseView.swift */; };
		D803D9CE29A9349C006F4D6A /* SettingsViewComponentView.swft.swift in Sources */ = {isa = PBXBuildFile; fileRef = D803D9C129A9349C006F4D6A /* SettingsViewComponentView.swft.swift */; };
		D803D9CF29A9349C006F4D6A /* SettingsView.swift in Sources */ = {isa = PBXBuildFile; fileRef = D803D9C229A9349C006F4D6A /* SettingsView.swift */; };
		D803D9D029A9349C006F4D6A /* SceneDelegate.swift in Sources */ = {isa = PBXBuildFile; fileRef = D803D9C329A9349C006F4D6A /* SceneDelegate.swift */; };
		D803D9D229A9349C006F4D6A /* AboutSugahView.swift in Sources */ = {isa = PBXBuildFile; fileRef = D803D9C529A9349C006F4D6A /* AboutSugahView.swift */; };
		D8195D2129CB325500D0B6A8 /* ShuggaStatusClass.swift in Sources */ = {isa = PBXBuildFile; fileRef = D8195D2029CB325500D0B6A8 /* ShuggaStatusClass.swift */; };
		D8216F8D2A4A150500CEA923 /* version info.rtf in Resources */ = {isa = PBXBuildFile; fileRef = D8216F8C2A4A150500CEA923 /* version info.rtf */; };
		D8216F8E2A4A150500CEA923 /* version info.rtf in Resources */ = {isa = PBXBuildFile; fileRef = D8216F8C2A4A150500CEA923 /* version info.rtf */; };
		D8254D7129BBABD700294034 /* Enums.Errors.swift in Sources */ = {isa = PBXBuildFile; fileRef = D8254D7029BBABD700294034 /* Enums.Errors.swift */; };
		D82E566C29F997E1004F1DBD /* Shugga_for_LoopApp.swift in Sources */ = {isa = PBXBuildFile; fileRef = D82E566B29F997E1004F1DBD /* Shugga_for_LoopApp.swift */; };
		D82E566E29F997E1004F1DBD /* ContentView.swift in Sources */ = {isa = PBXBuildFile; fileRef = D82E566D29F997E1004F1DBD /* ContentView.swift */; };
		D82E567029F997E2004F1DBD /* Assets.xcassets in Resources */ = {isa = PBXBuildFile; fileRef = D82E566F29F997E2004F1DBD /* Assets.xcassets */; };
		D82E567329F997E2004F1DBD /* Preview Assets.xcassets in Resources */ = {isa = PBXBuildFile; fileRef = D82E567229F997E2004F1DBD /* Preview Assets.xcassets */; };
		D82E567B29F99839004F1DBD /* Subscriptions.swift in Sources */ = {isa = PBXBuildFile; fileRef = D82E567929F99839004F1DBD /* Subscriptions.swift */; };
		D82E567C29F99839004F1DBD /* SubscriptionsView.swift in Sources */ = {isa = PBXBuildFile; fileRef = D82E567829F99839004F1DBD /* SubscriptionsView.swift */; };
		D82E567D29F99839004F1DBD /* SubscriptionsViewModel.swift in Sources */ = {isa = PBXBuildFile; fileRef = D82E567A29F99839004F1DBD /* SubscriptionsViewModel.swift */; };
		D82E568929F9983C004F1DBD /* SettingsViewComponentView.swft.swift in Sources */ = {isa = PBXBuildFile; fileRef = D82E568429F9983C004F1DBD /* SettingsViewComponentView.swft.swift */; };
		D82E568A29F9983C004F1DBD /* SettingsDescriptionViews.swift in Sources */ = {isa = PBXBuildFile; fileRef = D82E568529F9983C004F1DBD /* SettingsDescriptionViews.swift */; };
		D82E568B29F9983C004F1DBD /* AboutSugahView.swift in Sources */ = {isa = PBXBuildFile; fileRef = D82E567F29F9983C004F1DBD /* AboutSugahView.swift */; };
		D82E568C29F9983C004F1DBD /* SettingsView.swift in Sources */ = {isa = PBXBuildFile; fileRef = D82E568329F9983C004F1DBD /* SettingsView.swift */; };
		D82E568D29F9983C004F1DBD /* BloodGlucoseViewComponents.swift in Sources */ = {isa = PBXBuildFile; fileRef = D82E568729F9983C004F1DBD /* BloodGlucoseViewComponents.swift */; };
		D82E568E29F9983C004F1DBD /* BloodGlucoseView.swift in Sources */ = {isa = PBXBuildFile; fileRef = D82E568129F9983C004F1DBD /* BloodGlucoseView.swift */; };
		D82E568F29F9983C004F1DBD /* BloodGLucoseViewHandlers.swift in Sources */ = {isa = PBXBuildFile; fileRef = D82E568829F9983C004F1DBD /* BloodGLucoseViewHandlers.swift */; };
		D82E569129F998A6004F1DBD /* SceneDelegate.swift in Sources */ = {isa = PBXBuildFile; fileRef = D82E569029F998A6004F1DBD /* SceneDelegate.swift */; };
		D82E569329F998CE004F1DBD /* LaunchScreenView.swift in Sources */ = {isa = PBXBuildFile; fileRef = D82E569229F998CE004F1DBD /* LaunchScreenView.swift */; };
		D82E569529F9A311004F1DBD /* DateModel.swift in Sources */ = {isa = PBXBuildFile; fileRef = D8BD978329B1390900F64457 /* DateModel.swift */; };
		D82E569629F9A311004F1DBD /* BackgroundModel.swift in Sources */ = {isa = PBXBuildFile; fileRef = D8BD978029B1331500F64457 /* BackgroundModel.swift */; };
		D82E569729F9A311004F1DBD /* DebugMethods.swift in Sources */ = {isa = PBXBuildFile; fileRef = D803D9AA29A9347F006F4D6A /* DebugMethods.swift */; };
		D82E569929F9A311004F1DBD /* BloodGlucoseData.swift in Sources */ = {isa = PBXBuildFile; fileRef = D803D9A829A9347F006F4D6A /* BloodGlucoseData.swift */; };
		D82E569A29F9A311004F1DBD /* CGM_Model.swift in Sources */ = {isa = PBXBuildFile; fileRef = D88005D229B5A82900B89072 /* CGM_Model.swift */; };
		D82E569B29F9A311004F1DBD /* HeartRateData.swift in Sources */ = {isa = PBXBuildFile; fileRef = D881F12329ABC5E300D3F9B3 /* HeartRateData.swift */; };
		D82E569C29F9A311004F1DBD /* ConsoleView.swift in Sources */ = {isa = PBXBuildFile; fileRef = D8BD978629B148A100F64457 /* ConsoleView.swift */; };
		D82E569D29F9A311004F1DBD /* ShuggaStatusClass.swift in Sources */ = {isa = PBXBuildFile; fileRef = D8195D2029CB325500D0B6A8 /* ShuggaStatusClass.swift */; };
		D82E569E29F9A311004F1DBD /* StepCountData.swift in Sources */ = {isa = PBXBuildFile; fileRef = D881F12529ABCCA100D3F9B3 /* StepCountData.swift */; };
		D82E569F29F9A311004F1DBD /* TheHealthBrain.swift in Sources */ = {isa = PBXBuildFile; fileRef = D881F14C29ABE39400D3F9B3 /* TheHealthBrain.swift */; };
		D82E56A029F9A311004F1DBD /* DiabetesModel.swift in Sources */ = {isa = PBXBuildFile; fileRef = D8B8C3BD29C4D58400108904 /* DiabetesModel.swift */; };
		D82E56A129F9A311004F1DBD /* ConsoleFunctions.swift in Sources */ = {isa = PBXBuildFile; fileRef = D803D9A729A9347F006F4D6A /* ConsoleFunctions.swift */; };
		D82E56A229F9A311004F1DBD /* AudioModel.swift in Sources */ = {isa = PBXBuildFile; fileRef = D803D9AB29A9347F006F4D6A /* AudioModel.swift */; };
		D82E56A329F9A311004F1DBD /* VoiceModel.swift in Sources */ = {isa = PBXBuildFile; fileRef = D803D9A629A9347F006F4D6A /* VoiceModel.swift */; };
		D82E56A429F9A311004F1DBD /* SpeechModel.swift in Sources */ = {isa = PBXBuildFile; fileRef = D8703E2929BA4ECC00285703 /* SpeechModel.swift */; };
		D82E56A529F9A311004F1DBD /* SweetnessModel.swift in Sources */ = {isa = PBXBuildFile; fileRef = D803D9AC29A9347F006F4D6A /* SweetnessModel.swift */; };
		D82E56A629F9A311004F1DBD /* LanguageModel.swift in Sources */ = {isa = PBXBuildFile; fileRef = D803D9A929A9347F006F4D6A /* LanguageModel.swift */; };
		D82E56A729F9A311004F1DBD /* UserInterfaceModel.swift in Sources */ = {isa = PBXBuildFile; fileRef = D8A40F6729D9989E006922C1 /* UserInterfaceModel.swift */; };
		D82E56A929F9A31B004F1DBD /* Extensions.swift in Sources */ = {isa = PBXBuildFile; fileRef = D803D9A529A9347F006F4D6A /* Extensions.swift */; };
		D82E56AA29F9A321004F1DBD /* Enums.Audio.swift in Sources */ = {isa = PBXBuildFile; fileRef = D8703E2C29BA51AF00285703 /* Enums.Audio.swift */; };
		D82E56AB29F9A321004F1DBD /* Enums.TextBlocks.swift in Sources */ = {isa = PBXBuildFile; fileRef = D803D99A29A9345A006F4D6A /* Enums.TextBlocks.swift */; };
		D82E56AC29F9A321004F1DBD /* Enums.Debugging.swift in Sources */ = {isa = PBXBuildFile; fileRef = D803D99B29A9345A006F4D6A /* Enums.Debugging.swift */; };
		D82E56AD29F9A321004F1DBD /* Enums.WorldsUnit.swift in Sources */ = {isa = PBXBuildFile; fileRef = D803D99929A9345A006F4D6A /* Enums.WorldsUnit.swift */; };
		D82E56AE29F9A321004F1DBD /* EnumsAndConstants.swift in Sources */ = {isa = PBXBuildFile; fileRef = D803D99729A9345A006F4D6A /* EnumsAndConstants.swift */; };
		D82E56AF29F9A321004F1DBD /* Enums.Errors.swift in Sources */ = {isa = PBXBuildFile; fileRef = D8254D7029BBABD700294034 /* Enums.Errors.swift */; };
		D82E56B029F9A321004F1DBD /* Enums.Voices.swift in Sources */ = {isa = PBXBuildFile; fileRef = D803D99629A9345A006F4D6A /* Enums.Voices.swift */; };
		D82E56B129F9A321004F1DBD /* Enums.LanguagePairs.swift in Sources */ = {isa = PBXBuildFile; fileRef = D803D99829A9345A006F4D6A /* Enums.LanguagePairs.swift */; };
		D82E56E229F9A79C004F1DBD /* enums.swift in Sources */ = {isa = PBXBuildFile; fileRef = D82E56E129F9A79C004F1DBD /* enums.swift */; };
		D82E56E429F9A7A3004F1DBD /* enums.swift in Sources */ = {isa = PBXBuildFile; fileRef = D82E56E329F9A7A3004F1DBD /* enums.swift */; };
		D849B3ED29D4AA0800003B3E /* SettingsDescriptionViews.swift in Sources */ = {isa = PBXBuildFile; fileRef = D849B3EC29D4AA0800003B3E /* SettingsDescriptionViews.swift */; };
		D84A1ED129DF46AD00B893D8 /* BloodGlucoseData.swift in Sources */ = {isa = PBXBuildFile; fileRef = D803D9A829A9347F006F4D6A /* BloodGlucoseData.swift */; };
		D84A1ED429DF46CA00B893D8 /* shuggaApp.swift in Sources */ = {isa = PBXBuildFile; fileRef = D84A1ED329DF46C900B893D8 /* shuggaApp.swift */; };
		D850400829EC23B200543B93 /* Subscriptions.swift in Sources */ = {isa = PBXBuildFile; fileRef = D850400729EC23B200543B93 /* Subscriptions.swift */; };
		D850400A29EC292200543B93 /* SubscriptionsView.swift in Sources */ = {isa = PBXBuildFile; fileRef = D850400929EC292200543B93 /* SubscriptionsView.swift */; };
		D850400C29EC296100543B93 /* SubscriptionsViewModel.swift in Sources */ = {isa = PBXBuildFile; fileRef = D850400B29EC296100543B93 /* SubscriptionsViewModel.swift */; };
		D864794829E7CC39000CFB9F /* LaunchScreenView.swift in Sources */ = {isa = PBXBuildFile; fileRef = D864794729E7CC39000CFB9F /* LaunchScreenView.swift */; };
		D86B56922A23E22F007A1B6D /* HubView.swift in Sources */ = {isa = PBXBuildFile; fileRef = D86B56912A23E22F007A1B6D /* HubView.swift */; };
		D86B56942A24A4F8007A1B6D /* AboutShuggaView.swift in Sources */ = {isa = PBXBuildFile; fileRef = D86B56932A24A4F8007A1B6D /* AboutShuggaView.swift */; };
		D86B569C2A262E18007A1B6D /* FAQsView.swift in Sources */ = {isa = PBXBuildFile; fileRef = D86B569B2A262E18007A1B6D /* FAQsView.swift */; };
		D86B569D2A262E18007A1B6D /* FAQsView.swift in Sources */ = {isa = PBXBuildFile; fileRef = D86B569B2A262E18007A1B6D /* FAQsView.swift */; };
		D86B569F2A26306A007A1B6D /* Enums.docs.swift in Sources */ = {isa = PBXBuildFile; fileRef = D86B569E2A26306A007A1B6D /* Enums.docs.swift */; };
		D86B56A02A26306A007A1B6D /* Enums.docs.swift in Sources */ = {isa = PBXBuildFile; fileRef = D86B569E2A26306A007A1B6D /* Enums.docs.swift */; };
		D86B56A22A263153007A1B6D /* AcknowledgmentsView.swift in Sources */ = {isa = PBXBuildFile; fileRef = D86B56A12A263153007A1B6D /* AcknowledgmentsView.swift */; };
		D86B56A32A263153007A1B6D /* AcknowledgmentsView.swift in Sources */ = {isa = PBXBuildFile; fileRef = D86B56A12A263153007A1B6D /* AcknowledgmentsView.swift */; };
		D86B56A52A264606007A1B6D /* ManualsView.swift in Sources */ = {isa = PBXBuildFile; fileRef = D86B56A42A264606007A1B6D /* ManualsView.swift */; };
		D86B56A62A264606007A1B6D /* ManualsView.swift in Sources */ = {isa = PBXBuildFile; fileRef = D86B56A42A264606007A1B6D /* ManualsView.swift */; };
		D86B56A82A26482E007A1B6D /* Enum.Text.manuals.swift in Sources */ = {isa = PBXBuildFile; fileRef = D86B56A72A26482E007A1B6D /* Enum.Text.manuals.swift */; };
		D86B56A92A26482E007A1B6D /* Enum.Text.manuals.swift in Sources */ = {isa = PBXBuildFile; fileRef = D86B56A72A26482E007A1B6D /* Enum.Text.manuals.swift */; };
		D86B56AB2A2652FC007A1B6D /* YouGotDis.swift in Sources */ = {isa = PBXBuildFile; fileRef = D86B56AA2A2652FB007A1B6D /* YouGotDis.swift */; };
		D86B56AC2A2652FC007A1B6D /* YouGotDis.swift in Sources */ = {isa = PBXBuildFile; fileRef = D86B56AA2A2652FB007A1B6D /* YouGotDis.swift */; };
		D86B56AE2A26535E007A1B6D /* audio.mp3 in Resources */ = {isa = PBXBuildFile; fileRef = D86B56AD2A26535E007A1B6D /* audio.mp3 */; };
		D86B56AF2A26535E007A1B6D /* audio.mp3 in Resources */ = {isa = PBXBuildFile; fileRef = D86B56AD2A26535E007A1B6D /* audio.mp3 */; };
		D86B56B12A265388007A1B6D /* Kiyoshi.xcassets in Resources */ = {isa = PBXBuildFile; fileRef = D86B56B02A265388007A1B6D /* Kiyoshi.xcassets */; };
		D86B56B22A265388007A1B6D /* Kiyoshi.xcassets in Resources */ = {isa = PBXBuildFile; fileRef = D86B56B02A265388007A1B6D /* Kiyoshi.xcassets */; };
		D86B56B42A2688D5007A1B6D /* WhyShuggaView.swift in Sources */ = {isa = PBXBuildFile; fileRef = D86B56B32A2688D5007A1B6D /* WhyShuggaView.swift */; };
		D86B56B52A2688D5007A1B6D /* WhyShuggaView.swift in Sources */ = {isa = PBXBuildFile; fileRef = D86B56B32A2688D5007A1B6D /* WhyShuggaView.swift */; };
		D86B56B72A268C92007A1B6D /* UserAgreementView.swift in Sources */ = {isa = PBXBuildFile; fileRef = D86B56B62A268C92007A1B6D /* UserAgreementView.swift */; };
		D86B56B82A268C92007A1B6D /* UserAgreementView.swift in Sources */ = {isa = PBXBuildFile; fileRef = D86B56B62A268C92007A1B6D /* UserAgreementView.swift */; };
		D8703E2A29BA4ECC00285703 /* SpeechModel.swift in Sources */ = {isa = PBXBuildFile; fileRef = D8703E2929BA4ECC00285703 /* SpeechModel.swift */; };
		D8703E2D29BA51AF00285703 /* Enums.Audio.swift in Sources */ = {isa = PBXBuildFile; fileRef = D8703E2C29BA51AF00285703 /* Enums.Audio.swift */; };
		D88005D329B5A82900B89072 /* CGM_Model.swift in Sources */ = {isa = PBXBuildFile; fileRef = D88005D229B5A82900B89072 /* CGM_Model.swift */; };
		D881F12429ABC5E300D3F9B3 /* HeartRateData.swift in Sources */ = {isa = PBXBuildFile; fileRef = D881F12329ABC5E300D3F9B3 /* HeartRateData.swift */; };
		D881F12629ABCCA100D3F9B3 /* StepCountData.swift in Sources */ = {isa = PBXBuildFile; fileRef = D881F12529ABCCA100D3F9B3 /* StepCountData.swift */; };
		D881F14D29ABE39400D3F9B3 /* TheHealthBrain.swift in Sources */ = {isa = PBXBuildFile; fileRef = D881F14C29ABE39400D3F9B3 /* TheHealthBrain.swift */; };
		D8A40F6829D9989E006922C1 /* UserInterfaceModel.swift in Sources */ = {isa = PBXBuildFile; fileRef = D8A40F6729D9989E006922C1 /* UserInterfaceModel.swift */; };
		D8B8C3BE29C4D58400108904 /* DiabetesModel.swift in Sources */ = {isa = PBXBuildFile; fileRef = D8B8C3BD29C4D58400108904 /* DiabetesModel.swift */; };
		D8B8C3C129C7641800108904 /* AudioModel.swift in Sources */ = {isa = PBXBuildFile; fileRef = D803D9AB29A9347F006F4D6A /* AudioModel.swift */; };
		D8BD978129B1331500F64457 /* BackgroundModel.swift in Sources */ = {isa = PBXBuildFile; fileRef = D8BD978029B1331500F64457 /* BackgroundModel.swift */; };
		D8BD978429B1390900F64457 /* DateModel.swift in Sources */ = {isa = PBXBuildFile; fileRef = D8BD978329B1390900F64457 /* DateModel.swift */; };
		D8BD978729B148A100F64457 /* ConsoleView.swift in Sources */ = {isa = PBXBuildFile; fileRef = D8BD978629B148A100F64457 /* ConsoleView.swift */; };
		D8BDA7212A11BD680076690F /* StoreKit.framework in Frameworks */ = {isa = PBXBuildFile; fileRef = D850400529EC229A00543B93 /* StoreKit.framework */; };
		D8FDE37029FAEFCA00E62522 /* Assets.xcassets in Resources */ = {isa = PBXBuildFile; fileRef = D803D9A229A9346A006F4D6A /* Assets.xcassets */; };
		D8FDE37329FAF25700E62522 /* CarbohydrateData.swift in Sources */ = {isa = PBXBuildFile; fileRef = D8FDE37229FAF25600E62522 /* CarbohydrateData.swift */; };
		D8FDE37429FAF25700E62522 /* CarbohydrateData.swift in Sources */ = {isa = PBXBuildFile; fileRef = D8FDE37229FAF25600E62522 /* CarbohydrateData.swift */; };
		D8FDE37629FAF26600E62522 /* Media.xcassets in Resources */ = {isa = PBXBuildFile; fileRef = D8FDE37529FAF26600E62522 /* Media.xcassets */; };
		D8FDE37729FAF26600E62522 /* Media.xcassets in Resources */ = {isa = PBXBuildFile; fileRef = D8FDE37529FAF26600E62522 /* Media.xcassets */; };
/* End PBXBuildFile section */

/* Begin PBXFileReference section */
		D803D98229A9335D006F4D6A /* Shugga.app */ = {isa = PBXFileReference; explicitFileType = wrapper.application; includeInIndex = 0; path = Shugga.app; sourceTree = BUILT_PRODUCTS_DIR; };
		D803D98729A9335D006F4D6A /* ContentView.swift */ = {isa = PBXFileReference; lastKnownFileType = sourcecode.swift; path = ContentView.swift; sourceTree = "<group>"; };
		D803D98929A9335D006F4D6A /* Assets.xcassets */ = {isa = PBXFileReference; lastKnownFileType = folder.assetcatalog; path = Assets.xcassets; sourceTree = "<group>"; };
		D803D98C29A9335D006F4D6A /* Preview Assets.xcassets */ = {isa = PBXFileReference; lastKnownFileType = folder.assetcatalog; path = "Preview Assets.xcassets"; sourceTree = "<group>"; };
		D803D99329A933BF006F4D6A /* Info.plist */ = {isa = PBXFileReference; lastKnownFileType = text.plist; path = Info.plist; sourceTree = "<group>"; };
		D803D99429A933C4006F4D6A /* Shugga.entitlements */ = {isa = PBXFileReference; lastKnownFileType = text.plist.entitlements; path = Shugga.entitlements; sourceTree = "<group>"; };
		D803D99629A9345A006F4D6A /* Enums.Voices.swift */ = {isa = PBXFileReference; fileEncoding = 4; lastKnownFileType = sourcecode.swift; path = Enums.Voices.swift; sourceTree = "<group>"; };
		D803D99729A9345A006F4D6A /* EnumsAndConstants.swift */ = {isa = PBXFileReference; fileEncoding = 4; lastKnownFileType = sourcecode.swift; path = EnumsAndConstants.swift; sourceTree = "<group>"; };
		D803D99829A9345A006F4D6A /* Enums.LanguagePairs.swift */ = {isa = PBXFileReference; fileEncoding = 4; lastKnownFileType = sourcecode.swift; path = Enums.LanguagePairs.swift; sourceTree = "<group>"; };
		D803D99929A9345A006F4D6A /* Enums.WorldsUnit.swift */ = {isa = PBXFileReference; fileEncoding = 4; lastKnownFileType = sourcecode.swift; path = Enums.WorldsUnit.swift; sourceTree = "<group>"; };
		D803D99A29A9345A006F4D6A /* Enums.TextBlocks.swift */ = {isa = PBXFileReference; fileEncoding = 4; lastKnownFileType = sourcecode.swift; path = Enums.TextBlocks.swift; sourceTree = "<group>"; };
		D803D99B29A9345A006F4D6A /* Enums.Debugging.swift */ = {isa = PBXFileReference; fileEncoding = 4; lastKnownFileType = sourcecode.swift; path = Enums.Debugging.swift; sourceTree = "<group>"; };
		D803D9A229A9346A006F4D6A /* Assets.xcassets */ = {isa = PBXFileReference; lastKnownFileType = folder.assetcatalog; name = Assets.xcassets; path = ../Assets.xcassets; sourceTree = "<group>"; };
		D803D9A529A9347F006F4D6A /* Extensions.swift */ = {isa = PBXFileReference; fileEncoding = 4; lastKnownFileType = sourcecode.swift; path = Extensions.swift; sourceTree = "<group>"; };
		D803D9A629A9347F006F4D6A /* VoiceModel.swift */ = {isa = PBXFileReference; fileEncoding = 4; lastKnownFileType = sourcecode.swift; path = VoiceModel.swift; sourceTree = "<group>"; };
		D803D9A729A9347F006F4D6A /* ConsoleFunctions.swift */ = {isa = PBXFileReference; fileEncoding = 4; lastKnownFileType = sourcecode.swift; path = ConsoleFunctions.swift; sourceTree = "<group>"; };
		D803D9A829A9347F006F4D6A /* BloodGlucoseData.swift */ = {isa = PBXFileReference; fileEncoding = 4; lastKnownFileType = sourcecode.swift; path = BloodGlucoseData.swift; sourceTree = "<group>"; };
		D803D9A929A9347F006F4D6A /* LanguageModel.swift */ = {isa = PBXFileReference; fileEncoding = 4; lastKnownFileType = sourcecode.swift; path = LanguageModel.swift; sourceTree = "<group>"; };
		D803D9AA29A9347F006F4D6A /* DebugMethods.swift */ = {isa = PBXFileReference; fileEncoding = 4; lastKnownFileType = sourcecode.swift; path = DebugMethods.swift; sourceTree = "<group>"; };
		D803D9AB29A9347F006F4D6A /* AudioModel.swift */ = {isa = PBXFileReference; fileEncoding = 4; lastKnownFileType = sourcecode.swift; path = AudioModel.swift; sourceTree = "<group>"; };
		D803D9AC29A9347F006F4D6A /* SweetnessModel.swift */ = {isa = PBXFileReference; fileEncoding = 4; lastKnownFileType = sourcecode.swift; path = SweetnessModel.swift; sourceTree = "<group>"; };
		D803D9B729A9349B006F4D6A /* BloodGLucoseViewHandlers.swift */ = {isa = PBXFileReference; fileEncoding = 4; lastKnownFileType = sourcecode.swift; path = BloodGLucoseViewHandlers.swift; sourceTree = "<group>"; };
		D803D9B829A9349B006F4D6A /* BloodGlucoseViewComponents.swift */ = {isa = PBXFileReference; fileEncoding = 4; lastKnownFileType = sourcecode.swift; path = BloodGlucoseViewComponents.swift; sourceTree = "<group>"; };
		D803D9B929A9349B006F4D6A /* BloodGlucoseView.swift */ = {isa = PBXFileReference; fileEncoding = 4; lastKnownFileType = sourcecode.swift; path = BloodGlucoseView.swift; sourceTree = "<group>"; };
		D803D9C129A9349C006F4D6A /* SettingsViewComponentView.swft.swift */ = {isa = PBXFileReference; fileEncoding = 4; lastKnownFileType = sourcecode.swift; path = SettingsViewComponentView.swft.swift; sourceTree = "<group>"; };
		D803D9C229A9349C006F4D6A /* SettingsView.swift */ = {isa = PBXFileReference; fileEncoding = 4; lastKnownFileType = sourcecode.swift; path = SettingsView.swift; sourceTree = "<group>"; };
		D803D9C329A9349C006F4D6A /* SceneDelegate.swift */ = {isa = PBXFileReference; fileEncoding = 4; lastKnownFileType = sourcecode.swift; path = SceneDelegate.swift; sourceTree = "<group>"; };
		D803D9C529A9349C006F4D6A /* AboutSugahView.swift */ = {isa = PBXFileReference; fileEncoding = 4; lastKnownFileType = sourcecode.swift; path = AboutSugahView.swift; sourceTree = "<group>"; };
		D807BB3929AFE4CA000EE8D1 /* MyPlayground.playground */ = {isa = PBXFileReference; lastKnownFileType = file.playground; path = MyPlayground.playground; sourceTree = "<group>"; xcLanguageSpecificationIdentifier = xcode.lang.swift; };
		D8195D2029CB325500D0B6A8 /* ShuggaStatusClass.swift */ = {isa = PBXFileReference; lastKnownFileType = sourcecode.swift; path = ShuggaStatusClass.swift; sourceTree = "<group>"; };
		D8216F8C2A4A150500CEA923 /* version info.rtf */ = {isa = PBXFileReference; lastKnownFileType = text.rtf; path = "version info.rtf"; sourceTree = "<group>"; };
		D8254D7029BBABD700294034 /* Enums.Errors.swift */ = {isa = PBXFileReference; lastKnownFileType = sourcecode.swift; path = Enums.Errors.swift; sourceTree = "<group>"; };
		D82E566929F997E1004F1DBD /* ShuggaShugga.app */ = {isa = PBXFileReference; explicitFileType = wrapper.application; includeInIndex = 0; path = ShuggaShugga.app; sourceTree = BUILT_PRODUCTS_DIR; };
		D82E566B29F997E1004F1DBD /* Shugga_for_LoopApp.swift */ = {isa = PBXFileReference; lastKnownFileType = sourcecode.swift; path = Shugga_for_LoopApp.swift; sourceTree = "<group>"; };
		D82E566D29F997E1004F1DBD /* ContentView.swift */ = {isa = PBXFileReference; lastKnownFileType = sourcecode.swift; path = ContentView.swift; sourceTree = "<group>"; };
		D82E566F29F997E2004F1DBD /* Assets.xcassets */ = {isa = PBXFileReference; lastKnownFileType = folder.assetcatalog; path = Assets.xcassets; sourceTree = "<group>"; };
		D82E567229F997E2004F1DBD /* Preview Assets.xcassets */ = {isa = PBXFileReference; lastKnownFileType = folder.assetcatalog; path = "Preview Assets.xcassets"; sourceTree = "<group>"; };
		D82E567829F99839004F1DBD /* SubscriptionsView.swift */ = {isa = PBXFileReference; lastKnownFileType = sourcecode.swift; path = SubscriptionsView.swift; sourceTree = "<group>"; };
		D82E567929F99839004F1DBD /* Subscriptions.swift */ = {isa = PBXFileReference; lastKnownFileType = sourcecode.swift; path = Subscriptions.swift; sourceTree = "<group>"; };
		D82E567A29F99839004F1DBD /* SubscriptionsViewModel.swift */ = {isa = PBXFileReference; lastKnownFileType = sourcecode.swift; path = SubscriptionsViewModel.swift; sourceTree = "<group>"; };
		D82E567F29F9983C004F1DBD /* AboutSugahView.swift */ = {isa = PBXFileReference; lastKnownFileType = sourcecode.swift; path = AboutSugahView.swift; sourceTree = "<group>"; };
		D82E568129F9983C004F1DBD /* BloodGlucoseView.swift */ = {isa = PBXFileReference; lastKnownFileType = sourcecode.swift; path = BloodGlucoseView.swift; sourceTree = "<group>"; };
		D82E568329F9983C004F1DBD /* SettingsView.swift */ = {isa = PBXFileReference; lastKnownFileType = sourcecode.swift; path = SettingsView.swift; sourceTree = "<group>"; };
		D82E568429F9983C004F1DBD /* SettingsViewComponentView.swft.swift */ = {isa = PBXFileReference; lastKnownFileType = sourcecode.swift; path = SettingsViewComponentView.swft.swift; sourceTree = "<group>"; };
		D82E568529F9983C004F1DBD /* SettingsDescriptionViews.swift */ = {isa = PBXFileReference; lastKnownFileType = sourcecode.swift; path = SettingsDescriptionViews.swift; sourceTree = "<group>"; };
		D82E568729F9983C004F1DBD /* BloodGlucoseViewComponents.swift */ = {isa = PBXFileReference; lastKnownFileType = sourcecode.swift; path = BloodGlucoseViewComponents.swift; sourceTree = "<group>"; };
		D82E568829F9983C004F1DBD /* BloodGLucoseViewHandlers.swift */ = {isa = PBXFileReference; lastKnownFileType = sourcecode.swift; path = BloodGLucoseViewHandlers.swift; sourceTree = "<group>"; };
		D82E569029F998A6004F1DBD /* SceneDelegate.swift */ = {isa = PBXFileReference; lastKnownFileType = sourcecode.swift; path = SceneDelegate.swift; sourceTree = "<group>"; };
		D82E569229F998CE004F1DBD /* LaunchScreenView.swift */ = {isa = PBXFileReference; lastKnownFileType = sourcecode.swift; path = LaunchScreenView.swift; sourceTree = "<group>"; };
		D82E569429F9A2B9004F1DBD /* Shugga for Loop.entitlements */ = {isa = PBXFileReference; lastKnownFileType = text.plist.entitlements; path = "Shugga for Loop.entitlements"; sourceTree = "<group>"; };
		D82E56B229F9A35B004F1DBD /* Info.plist */ = {isa = PBXFileReference; lastKnownFileType = text.plist.xml; path = Info.plist; sourceTree = "<group>"; };
		D82E56B329F9A48F004F1DBD /* Shugga-for-Loop-Info.plist */ = {isa = PBXFileReference; lastKnownFileType = text.plist; path = "Shugga-for-Loop-Info.plist"; sourceTree = SOURCE_ROOT; };
		D82E56E129F9A79C004F1DBD /* enums.swift */ = {isa = PBXFileReference; lastKnownFileType = sourcecode.swift; path = enums.swift; sourceTree = "<group>"; };
		D82E56E329F9A7A3004F1DBD /* enums.swift */ = {isa = PBXFileReference; lastKnownFileType = sourcecode.swift; path = enums.swift; sourceTree = "<group>"; };
		D849B3EC29D4AA0800003B3E /* SettingsDescriptionViews.swift */ = {isa = PBXFileReference; lastKnownFileType = sourcecode.swift; path = SettingsDescriptionViews.swift; sourceTree = "<group>"; };
		D84A1ED329DF46C900B893D8 /* shuggaApp.swift */ = {isa = PBXFileReference; fileEncoding = 4; lastKnownFileType = sourcecode.swift; path = shuggaApp.swift; sourceTree = "<group>"; };
		D850400529EC229A00543B93 /* StoreKit.framework */ = {isa = PBXFileReference; lastKnownFileType = wrapper.framework; name = StoreKit.framework; path = System/Library/Frameworks/StoreKit.framework; sourceTree = SDKROOT; };
		D850400729EC23B200543B93 /* Subscriptions.swift */ = {isa = PBXFileReference; lastKnownFileType = sourcecode.swift; path = Subscriptions.swift; sourceTree = "<group>"; };
		D850400929EC292200543B93 /* SubscriptionsView.swift */ = {isa = PBXFileReference; lastKnownFileType = sourcecode.swift; path = SubscriptionsView.swift; sourceTree = "<group>"; };
		D850400B29EC296100543B93 /* SubscriptionsViewModel.swift */ = {isa = PBXFileReference; lastKnownFileType = sourcecode.swift; path = SubscriptionsViewModel.swift; sourceTree = "<group>"; };
		D864794729E7CC39000CFB9F /* LaunchScreenView.swift */ = {isa = PBXFileReference; lastKnownFileType = sourcecode.swift; path = LaunchScreenView.swift; sourceTree = "<group>"; };
		D86B56912A23E22F007A1B6D /* HubView.swift */ = {isa = PBXFileReference; lastKnownFileType = sourcecode.swift; path = HubView.swift; sourceTree = "<group>"; };
		D86B56932A24A4F8007A1B6D /* AboutShuggaView.swift */ = {isa = PBXFileReference; lastKnownFileType = sourcecode.swift; path = AboutShuggaView.swift; sourceTree = "<group>"; };
		D86B569B2A262E18007A1B6D /* FAQsView.swift */ = {isa = PBXFileReference; lastKnownFileType = sourcecode.swift; path = FAQsView.swift; sourceTree = "<group>"; };
		D86B569E2A26306A007A1B6D /* Enums.docs.swift */ = {isa = PBXFileReference; lastKnownFileType = sourcecode.swift; path = Enums.docs.swift; sourceTree = "<group>"; };
		D86B56A12A263153007A1B6D /* AcknowledgmentsView.swift */ = {isa = PBXFileReference; lastKnownFileType = sourcecode.swift; path = AcknowledgmentsView.swift; sourceTree = "<group>"; };
		D86B56A42A264606007A1B6D /* ManualsView.swift */ = {isa = PBXFileReference; lastKnownFileType = sourcecode.swift; path = ManualsView.swift; sourceTree = "<group>"; };
		D86B56A72A26482E007A1B6D /* Enum.Text.manuals.swift */ = {isa = PBXFileReference; lastKnownFileType = sourcecode.swift; path = Enum.Text.manuals.swift; sourceTree = "<group>"; };
		D86B56AA2A2652FB007A1B6D /* YouGotDis.swift */ = {isa = PBXFileReference; lastKnownFileType = sourcecode.swift; path = YouGotDis.swift; sourceTree = "<group>"; };
		D86B56AD2A26535E007A1B6D /* audio.mp3 */ = {isa = PBXFileReference; lastKnownFileType = audio.mp3; path = audio.mp3; sourceTree = "<group>"; };
		D86B56B02A265388007A1B6D /* Kiyoshi.xcassets */ = {isa = PBXFileReference; lastKnownFileType = folder.assetcatalog; path = Kiyoshi.xcassets; sourceTree = "<group>"; };
		D86B56B32A2688D5007A1B6D /* WhyShuggaView.swift */ = {isa = PBXFileReference; lastKnownFileType = sourcecode.swift; path = WhyShuggaView.swift; sourceTree = "<group>"; };
		D86B56B62A268C92007A1B6D /* UserAgreementView.swift */ = {isa = PBXFileReference; lastKnownFileType = sourcecode.swift; path = UserAgreementView.swift; sourceTree = "<group>"; };
		D8703E2929BA4ECC00285703 /* SpeechModel.swift */ = {isa = PBXFileReference; lastKnownFileType = sourcecode.swift; path = SpeechModel.swift; sourceTree = "<group>"; };
		D8703E2C29BA51AF00285703 /* Enums.Audio.swift */ = {isa = PBXFileReference; lastKnownFileType = sourcecode.swift; path = Enums.Audio.swift; sourceTree = "<group>"; };
		D88005D229B5A82900B89072 /* CGM_Model.swift */ = {isa = PBXFileReference; lastKnownFileType = sourcecode.swift; path = CGM_Model.swift; sourceTree = "<group>"; };
		D881F12329ABC5E300D3F9B3 /* HeartRateData.swift */ = {isa = PBXFileReference; lastKnownFileType = sourcecode.swift; path = HeartRateData.swift; sourceTree = "<group>"; };
		D881F12529ABCCA100D3F9B3 /* StepCountData.swift */ = {isa = PBXFileReference; lastKnownFileType = sourcecode.swift; path = StepCountData.swift; sourceTree = "<group>"; };
		D881F14C29ABE39400D3F9B3 /* TheHealthBrain.swift */ = {isa = PBXFileReference; lastKnownFileType = sourcecode.swift; path = TheHealthBrain.swift; sourceTree = "<group>"; };
		D8A40F6729D9989E006922C1 /* UserInterfaceModel.swift */ = {isa = PBXFileReference; lastKnownFileType = sourcecode.swift; path = UserInterfaceModel.swift; sourceTree = "<group>"; };
		D8B8C3BD29C4D58400108904 /* DiabetesModel.swift */ = {isa = PBXFileReference; lastKnownFileType = sourcecode.swift; path = DiabetesModel.swift; sourceTree = "<group>"; };
		D8BD978029B1331500F64457 /* BackgroundModel.swift */ = {isa = PBXFileReference; lastKnownFileType = sourcecode.swift; path = BackgroundModel.swift; sourceTree = "<group>"; };
		D8BD978329B1390900F64457 /* DateModel.swift */ = {isa = PBXFileReference; lastKnownFileType = sourcecode.swift; path = DateModel.swift; sourceTree = "<group>"; };
		D8BD978629B148A100F64457 /* ConsoleView.swift */ = {isa = PBXFileReference; lastKnownFileType = sourcecode.swift; path = ConsoleView.swift; sourceTree = "<group>"; };
		D8FDE37229FAF25600E62522 /* CarbohydrateData.swift */ = {isa = PBXFileReference; fileEncoding = 4; lastKnownFileType = sourcecode.swift; path = CarbohydrateData.swift; sourceTree = "<group>"; };
		D8FDE37529FAF26600E62522 /* Media.xcassets */ = {isa = PBXFileReference; lastKnownFileType = folder.assetcatalog; path = Media.xcassets; sourceTree = "<group>"; };
/* End PBXFileReference section */

/* Begin PBXFrameworksBuildPhase section */
		D803D97F29A9335D006F4D6A /* Frameworks */ = {
			isa = PBXFrameworksBuildPhase;
			buildActionMask = 2147483647;
			files = (
			);
			runOnlyForDeploymentPostprocessing = 0;
		};
		D82E566629F997E1004F1DBD /* Frameworks */ = {
			isa = PBXFrameworksBuildPhase;
			buildActionMask = 2147483647;
			files = (
				D8BDA7212A11BD680076690F /* StoreKit.framework in Frameworks */,
			);
			runOnlyForDeploymentPostprocessing = 0;
		};
/* End PBXFrameworksBuildPhase section */

/* Begin PBXGroup section */
		D803D97929A9335C006F4D6A = {
			isa = PBXGroup;
			children = (
				D86B56972A2628D2007A1B6D /* pdf */,
				D8703E2929BA4ECC00285703 /* SpeechModel.swift */,
				D881F14C29ABE39400D3F9B3 /* TheHealthBrain.swift */,
				D88005D229B5A82900B89072 /* CGM_Model.swift */,
				D803D9AB29A9347F006F4D6A /* AudioModel.swift */,
				D8195D2029CB325500D0B6A8 /* ShuggaStatusClass.swift */,
				D8B8C3BD29C4D58400108904 /* DiabetesModel.swift */,
				D803D9A729A9347F006F4D6A /* ConsoleFunctions.swift */,
				D803D9AA29A9347F006F4D6A /* DebugMethods.swift */,
				D8BD978029B1331500F64457 /* BackgroundModel.swift */,
				D8BD978329B1390900F64457 /* DateModel.swift */,
				D8BD978629B148A100F64457 /* ConsoleView.swift */,
				D803D9A929A9347F006F4D6A /* LanguageModel.swift */,
				D803D9A629A9347F006F4D6A /* VoiceModel.swift */,
				D881F12329ABC5E300D3F9B3 /* HeartRateData.swift */,
				D881F12529ABCCA100D3F9B3 /* StepCountData.swift */,
				D8FDE37229FAF25600E62522 /* CarbohydrateData.swift */,
				D8FDE37529FAF26600E62522 /* Media.xcassets */,
				D8FDE37129FAF23000E62522 /* New Group */,
				D803D9A829A9347F006F4D6A /* BloodGlucoseData.swift */,
				D803D9AC29A9347F006F4D6A /* SweetnessModel.swift */,
				D8A40F6729D9989E006922C1 /* UserInterfaceModel.swift */,
				D803D9A429A9347F006F4D6A /* extensions */,
				D803D99529A9345A006F4D6A /* Enums */,
				D803D98429A9335D006F4D6A /* Shugga */,
				D82E566A29F997E1004F1DBD /* Shugga for Loop */,
				D803D98329A9335D006F4D6A /* Products */,
				D850400429EC229A00543B93 /* Frameworks */,
			);
			sourceTree = "<group>";
		};
		D803D98329A9335D006F4D6A /* Products */ = {
			isa = PBXGroup;
			children = (
				D803D98229A9335D006F4D6A /* Shugga.app */,
				D82E566929F997E1004F1DBD /* ShuggaShugga.app */,
			);
			name = Products;
			sourceTree = "<group>";
		};
		D803D98429A9335D006F4D6A /* Shugga */ = {
			isa = PBXGroup;
			children = (
				D803D9A229A9346A006F4D6A /* Assets.xcassets */,
				D82E56E129F9A79C004F1DBD /* enums.swift */,
				D850400D29EC8D6900543B93 /* Subscriptions */,
				D8B8C3C029C646DA00108904 /* Views */,
				D803D99429A933C4006F4D6A /* Shugga.entitlements */,
				D803D99329A933BF006F4D6A /* Info.plist */,
				D803D98729A9335D006F4D6A /* ContentView.swift */,
				D803D98929A9335D006F4D6A /* Assets.xcassets */,
				D803D9C329A9349C006F4D6A /* SceneDelegate.swift */,
				D84A1ED329DF46C900B893D8 /* shuggaApp.swift */,
				D807BB3929AFE4CA000EE8D1 /* MyPlayground.playground */,
				D803D98B29A9335D006F4D6A /* Preview Content */,
				D864794729E7CC39000CFB9F /* LaunchScreenView.swift */,
			);
			path = Shugga;
			sourceTree = "<group>";
		};
		D803D98B29A9335D006F4D6A /* Preview Content */ = {
			isa = PBXGroup;
			children = (
				D803D98C29A9335D006F4D6A /* Preview Assets.xcassets */,
			);
			path = "Preview Content";
			sourceTree = "<group>";
		};
		D803D99529A9345A006F4D6A /* Enums */ = {
			isa = PBXGroup;
			children = (
				D803D99729A9345A006F4D6A /* EnumsAndConstants.swift */,
				D803D99629A9345A006F4D6A /* Enums.Voices.swift */,
				D8703E2C29BA51AF00285703 /* Enums.Audio.swift */,
				D803D99829A9345A006F4D6A /* Enums.LanguagePairs.swift */,
				D86B569E2A26306A007A1B6D /* Enums.docs.swift */,
				D803D99929A9345A006F4D6A /* Enums.WorldsUnit.swift */,
				D803D99A29A9345A006F4D6A /* Enums.TextBlocks.swift */,
				D803D99B29A9345A006F4D6A /* Enums.Debugging.swift */,
				D8254D7029BBABD700294034 /* Enums.Errors.swift */,
				D86B56A72A26482E007A1B6D /* Enum.Text.manuals.swift */,
				D8216F8C2A4A150500CEA923 /* version info.rtf */,
			);
			path = Enums;
			sourceTree = "<group>";
		};
		D803D9A429A9347F006F4D6A /* extensions */ = {
			isa = PBXGroup;
			children = (
				D803D9A529A9347F006F4D6A /* Extensions.swift */,
			);
			path = extensions;
			sourceTree = "<group>";
		};
		D803D9B529A9349B006F4D6A /* BloodGlucoseViews */ = {
			isa = PBXGroup;
			children = (
				D803D9B929A9349B006F4D6A /* BloodGlucoseView.swift */,
				D803D9B629A9349B006F4D6A /* BGViewHelpers */,
			);
			path = BloodGlucoseViews;
			sourceTree = "<group>";
		};
		D803D9B629A9349B006F4D6A /* BGViewHelpers */ = {
			isa = PBXGroup;
			children = (
				D803D9B829A9349B006F4D6A /* BloodGlucoseViewComponents.swift */,
				D803D9B729A9349B006F4D6A /* BloodGLucoseViewHandlers.swift */,
			);
			path = BGViewHelpers;
			sourceTree = "<group>";
		};
		D803D9C029A9349C006F4D6A /* SettingsViews */ = {
			isa = PBXGroup;
			children = (
				D803D9C229A9349C006F4D6A /* SettingsView.swift */,
				D803D9C129A9349C006F4D6A /* SettingsViewComponentView.swft.swift */,
				D849B3EC29D4AA0800003B3E /* SettingsDescriptionViews.swift */,
			);
			path = SettingsViews;
			sourceTree = "<group>";
		};
		D82E566A29F997E1004F1DBD /* Shugga for Loop */ = {
			isa = PBXGroup;
			children = (
				D82E56E329F9A7A3004F1DBD /* enums.swift */,
				D82E56B329F9A48F004F1DBD /* Shugga-for-Loop-Info.plist */,
				D82E569429F9A2B9004F1DBD /* Shugga for Loop.entitlements */,
				D82E56B229F9A35B004F1DBD /* Info.plist */,
				D82E567729F99839004F1DBD /* Subscriptions */,
				D82E567E29F9983C004F1DBD /* Views */,
				D82E569029F998A6004F1DBD /* SceneDelegate.swift */,
				D82E566B29F997E1004F1DBD /* Shugga_for_LoopApp.swift */,
				D82E566D29F997E1004F1DBD /* ContentView.swift */,
				D82E566F29F997E2004F1DBD /* Assets.xcassets */,
				D82E567129F997E2004F1DBD /* Preview Content */,
				D82E569229F998CE004F1DBD /* LaunchScreenView.swift */,
			);
			path = "Shugga for Loop";
			sourceTree = "<group>";
		};
		D82E567129F997E2004F1DBD /* Preview Content */ = {
			isa = PBXGroup;
			children = (
				D82E567229F997E2004F1DBD /* Preview Assets.xcassets */,
			);
			path = "Preview Content";
			sourceTree = "<group>";
		};
		D82E567729F99839004F1DBD /* Subscriptions */ = {
			isa = PBXGroup;
			children = (
				D82E567929F99839004F1DBD /* Subscriptions.swift */,
				D82E567829F99839004F1DBD /* SubscriptionsView.swift */,
				D82E567A29F99839004F1DBD /* SubscriptionsViewModel.swift */,
			);
			path = Subscriptions;
			sourceTree = "<group>";
		};
		D82E567E29F9983C004F1DBD /* Views */ = {
			isa = PBXGroup;
			children = (
				D86B56952A261029007A1B6D /* HubView */,
				D82E568029F9983C004F1DBD /* BloodGlucoseViews */,
				D82E568229F9983C004F1DBD /* SettingsViews */,
			);
			path = Views;
			sourceTree = "<group>";
		};
		D82E568029F9983C004F1DBD /* BloodGlucoseViews */ = {
			isa = PBXGroup;
			children = (
				D82E568129F9983C004F1DBD /* BloodGlucoseView.swift */,
				D82E568629F9983C004F1DBD /* BGViewHelpers */,
			);
			path = BloodGlucoseViews;
			sourceTree = "<group>";
		};
		D82E568229F9983C004F1DBD /* SettingsViews */ = {
			isa = PBXGroup;
			children = (
				D82E568329F9983C004F1DBD /* SettingsView.swift */,
				D82E568429F9983C004F1DBD /* SettingsViewComponentView.swft.swift */,
				D82E568529F9983C004F1DBD /* SettingsDescriptionViews.swift */,
			);
			path = SettingsViews;
			sourceTree = "<group>";
		};
		D82E568629F9983C004F1DBD /* BGViewHelpers */ = {
			isa = PBXGroup;
			children = (
				D82E568729F9983C004F1DBD /* BloodGlucoseViewComponents.swift */,
				D82E568829F9983C004F1DBD /* BloodGLucoseViewHandlers.swift */,
			);
			path = BGViewHelpers;
			sourceTree = "<group>";
		};
		D850400429EC229A00543B93 /* Frameworks */ = {
			isa = PBXGroup;
			children = (
				D850400529EC229A00543B93 /* StoreKit.framework */,
			);
			name = Frameworks;
			sourceTree = "<group>";
		};
		D850400D29EC8D6900543B93 /* Subscriptions */ = {
			isa = PBXGroup;
			children = (
				D850400729EC23B200543B93 /* Subscriptions.swift */,
				D850400929EC292200543B93 /* SubscriptionsView.swift */,
				D850400B29EC296100543B93 /* SubscriptionsViewModel.swift */,
			);
			path = Subscriptions;
			sourceTree = "<group>";
		};
		D86B56952A261029007A1B6D /* HubView */ = {
			isa = PBXGroup;
			children = (
				D86B56912A23E22F007A1B6D /* HubView.swift */,
				D86B56962A261054007A1B6D /* HubVIew contents */,
			);
			path = HubView;
			sourceTree = "<group>";
		};
		D86B56962A261054007A1B6D /* HubVIew contents */ = {
			isa = PBXGroup;
			children = (
				D86B56AD2A26535E007A1B6D /* audio.mp3 */,
				D86B56B02A265388007A1B6D /* Kiyoshi.xcassets */,
				D82E567F29F9983C004F1DBD /* AboutSugahView.swift */,
				D86B56B62A268C92007A1B6D /* UserAgreementView.swift */,
				D86B56932A24A4F8007A1B6D /* AboutShuggaView.swift */,
				D86B569B2A262E18007A1B6D /* FAQsView.swift */,
				D86B56B32A2688D5007A1B6D /* WhyShuggaView.swift */,
				D86B56A12A263153007A1B6D /* AcknowledgmentsView.swift */,
				D86B56A42A264606007A1B6D /* ManualsView.swift */,
				D86B56AA2A2652FB007A1B6D /* YouGotDis.swift */,
			);
			name = "HubVIew contents";
			sourceTree = "<group>";
		};
		D86B56972A2628D2007A1B6D /* pdf */ = {
			isa = PBXGroup;
			children = (
			);
			path = pdf;
			sourceTree = "<group>";
		};
		D8B8C3C029C646DA00108904 /* Views */ = {
			isa = PBXGroup;
			children = (
				D803D9C529A9349C006F4D6A /* AboutSugahView.swift */,
				D803D9B529A9349B006F4D6A /* BloodGlucoseViews */,
				D803D9C029A9349C006F4D6A /* SettingsViews */,
			);
			path = Views;
			sourceTree = "<group>";
		};
		D8FDE37129FAF23000E62522 /* New Group */ = {
			isa = PBXGroup;
			children = (
			);
			path = "New Group";
			sourceTree = "<group>";
		};
/* End PBXGroup section */

/* Begin PBXNativeTarget section */
		D803D98129A9335D006F4D6A /* Shugga */ = {
			isa = PBXNativeTarget;
			buildConfigurationList = D803D99029A9335D006F4D6A /* Build configuration list for PBXNativeTarget "Shugga" */;
			buildPhases = (
				D803D97E29A9335D006F4D6A /* Sources */,
				D803D97F29A9335D006F4D6A /* Frameworks */,
				D803D98029A9335D006F4D6A /* Resources */,
			);
			buildRules = (
			);
			dependencies = (
			);
			name = Shugga;
			packageProductDependencies = (
			);
			productName = Shugga;
			productReference = D803D98229A9335D006F4D6A /* Shugga.app */;
			productType = "com.apple.product-type.application";
		};
		D82E566829F997E1004F1DBD /* ShuggaShugga */ = {
			isa = PBXNativeTarget;
			buildConfigurationList = D82E567629F997E2004F1DBD /* Build configuration list for PBXNativeTarget "ShuggaShugga" */;
			buildPhases = (
				D82E566529F997E1004F1DBD /* Sources */,
				D82E566629F997E1004F1DBD /* Frameworks */,
				D82E566729F997E1004F1DBD /* Resources */,
			);
			buildRules = (
			);
			dependencies = (
				D8BDA7152A11BA580076690F /* PBXTargetDependency */,
				D8BDA7172A11BA580076690F /* PBXTargetDependency */,
				D8BDA7192A11BA580076690F /* PBXTargetDependency */,
			);
			name = ShuggaShugga;
			packageProductDependencies = (
			);
			productName = "Shugga for Loop";
			productReference = D82E566929F997E1004F1DBD /* ShuggaShugga.app */;
			productType = "com.apple.product-type.application";
		};
/* End PBXNativeTarget section */

/* Begin PBXProject section */
		D803D97A29A9335C006F4D6A /* Project object */ = {
			isa = PBXProject;
			attributes = {
				BuildIndependentTargetsInParallel = 1;
				LastSwiftUpdateCheck = 1430;
				LastUpgradeCheck = 1420;
				TargetAttributes = {
					D803D98129A9335D006F4D6A = {
						CreatedOnToolsVersion = 14.2;
					};
					D82E566829F997E1004F1DBD = {
						CreatedOnToolsVersion = 14.3;
					};
				};
			};
			buildConfigurationList = D803D97D29A9335C006F4D6A /* Build configuration list for PBXProject "Shugga" */;
			compatibilityVersion = "Xcode 14.0";
			developmentRegion = en;
			hasScannedForEncodings = 0;
			knownRegions = (
				en,
				Base,
			);
			mainGroup = D803D97929A9335C006F4D6A;
			packageReferences = (
			);
			productRefGroup = D803D98329A9335D006F4D6A /* Products */;
			projectDirPath = "";
			projectRoot = "";
			targets = (
				D803D98129A9335D006F4D6A /* Shugga */,
				D82E566829F997E1004F1DBD /* ShuggaShugga */,
			);
		};
/* End PBXProject section */

/* Begin PBXResourcesBuildPhase section */
		D803D98029A9335D006F4D6A /* Resources */ = {
			isa = PBXResourcesBuildPhase;
			buildActionMask = 2147483647;
			files = (
				D803D98D29A9335D006F4D6A /* Preview Assets.xcassets in Resources */,
				D8FDE37029FAEFCA00E62522 /* Assets.xcassets in Resources */,
				D8FDE37629FAF26600E62522 /* Media.xcassets in Resources */,
				D803D98A29A9335D006F4D6A /* Assets.xcassets in Resources */,
				D8216F8D2A4A150500CEA923 /* version info.rtf in Resources */,
				D86B56B12A265388007A1B6D /* Kiyoshi.xcassets in Resources */,
				D86B56AE2A26535E007A1B6D /* audio.mp3 in Resources */,
			);
			runOnlyForDeploymentPostprocessing = 0;
		};
		D82E566729F997E1004F1DBD /* Resources */ = {
			isa = PBXResourcesBuildPhase;
			buildActionMask = 2147483647;
			files = (
				D82E567329F997E2004F1DBD /* Preview Assets.xcassets in Resources */,
				D86B56AF2A26535E007A1B6D /* audio.mp3 in Resources */,
				D8216F8E2A4A150500CEA923 /* version info.rtf in Resources */,
				D86B56B22A265388007A1B6D /* Kiyoshi.xcassets in Resources */,
				D8FDE37729FAF26600E62522 /* Media.xcassets in Resources */,
				D82E567029F997E2004F1DBD /* Assets.xcassets in Resources */,
			);
			runOnlyForDeploymentPostprocessing = 0;
		};
/* End PBXResourcesBuildPhase section */

/* Begin PBXSourcesBuildPhase section */
		D803D97E29A9335D006F4D6A /* Sources */ = {
			isa = PBXSourcesBuildPhase;
			buildActionMask = 2147483647;
			files = (
				D803D9CF29A9349C006F4D6A /* SettingsView.swift in Sources */,
				D86B56A22A263153007A1B6D /* AcknowledgmentsView.swift in Sources */,
				D8BD978429B1390900F64457 /* DateModel.swift in Sources */,
				D8FDE37329FAF25700E62522 /* CarbohydrateData.swift in Sources */,
				D803D9C829A9349C006F4D6A /* BloodGlucoseViewComponents.swift in Sources */,
				D86B56A52A264606007A1B6D /* ManualsView.swift in Sources */,
				D86B56B42A2688D5007A1B6D /* WhyShuggaView.swift in Sources */,
				D86B56B72A268C92007A1B6D /* UserAgreementView.swift in Sources */,
				D803D9C729A9349C006F4D6A /* BloodGLucoseViewHandlers.swift in Sources */,
				D850400A29EC292200543B93 /* SubscriptionsView.swift in Sources */,
				D8BD978729B148A100F64457 /* ConsoleView.swift in Sources */,
				D86B56A82A26482E007A1B6D /* Enum.Text.manuals.swift in Sources */,
				D850400829EC23B200543B93 /* Subscriptions.swift in Sources */,
				D84A1ED429DF46CA00B893D8 /* shuggaApp.swift in Sources */,
				D82E56E229F9A79C004F1DBD /* enums.swift in Sources */,
				D803D9B229A9347F006F4D6A /* DebugMethods.swift in Sources */,
				D881F14D29ABE39400D3F9B3 /* TheHealthBrain.swift in Sources */,
				D803D9B429A9347F006F4D6A /* SweetnessModel.swift in Sources */,
				D803D9AE29A9347F006F4D6A /* VoiceModel.swift in Sources */,
				D86B569F2A26306A007A1B6D /* Enums.docs.swift in Sources */,
				D803D9D029A9349C006F4D6A /* SceneDelegate.swift in Sources */,
				D881F12629ABCCA100D3F9B3 /* StepCountData.swift in Sources */,
				D803D99E29A9345A006F4D6A /* Enums.LanguagePairs.swift in Sources */,
				D86B56AB2A2652FC007A1B6D /* YouGotDis.swift in Sources */,
				D803D9AD29A9347F006F4D6A /* Extensions.swift in Sources */,
				D8B8C3BE29C4D58400108904 /* DiabetesModel.swift in Sources */,
				D803D9AF29A9347F006F4D6A /* ConsoleFunctions.swift in Sources */,
				D849B3ED29D4AA0800003B3E /* SettingsDescriptionViews.swift in Sources */,
				D803D9B129A9347F006F4D6A /* LanguageModel.swift in Sources */,
				D850400C29EC296100543B93 /* SubscriptionsViewModel.swift in Sources */,
				D88005D329B5A82900B89072 /* CGM_Model.swift in Sources */,
				D803D98829A9335D006F4D6A /* ContentView.swift in Sources */,
				D803D9A129A9345A006F4D6A /* Enums.Debugging.swift in Sources */,
				D8703E2A29BA4ECC00285703 /* SpeechModel.swift in Sources */,
				D8703E2D29BA51AF00285703 /* Enums.Audio.swift in Sources */,
				D84A1ED129DF46AD00B893D8 /* BloodGlucoseData.swift in Sources */,
				D8A40F6829D9989E006922C1 /* UserInterfaceModel.swift in Sources */,
				D864794829E7CC39000CFB9F /* LaunchScreenView.swift in Sources */,
				D8195D2129CB325500D0B6A8 /* ShuggaStatusClass.swift in Sources */,
				D803D99F29A9345A006F4D6A /* Enums.WorldsUnit.swift in Sources */,
				D881F12429ABC5E300D3F9B3 /* HeartRateData.swift in Sources */,
				D803D99C29A9345A006F4D6A /* Enums.Voices.swift in Sources */,
				D803D99D29A9345A006F4D6A /* EnumsAndConstants.swift in Sources */,
				D8254D7129BBABD700294034 /* Enums.Errors.swift in Sources */,
				D8BD978129B1331500F64457 /* BackgroundModel.swift in Sources */,
				D803D9C929A9349C006F4D6A /* BloodGlucoseView.swift in Sources */,
				D86B569C2A262E18007A1B6D /* FAQsView.swift in Sources */,
				D8B8C3C129C7641800108904 /* AudioModel.swift in Sources */,
				D803D9A029A9345A006F4D6A /* Enums.TextBlocks.swift in Sources */,
				D803D9D229A9349C006F4D6A /* AboutSugahView.swift in Sources */,
				D803D9CE29A9349C006F4D6A /* SettingsViewComponentView.swft.swift in Sources */,
			);
			runOnlyForDeploymentPostprocessing = 0;
		};
		D82E566529F997E1004F1DBD /* Sources */ = {
			isa = PBXSourcesBuildPhase;
			buildActionMask = 2147483647;
			files = (
				D82E568D29F9983C004F1DBD /* BloodGlucoseViewComponents.swift in Sources */,
				D82E569629F9A311004F1DBD /* BackgroundModel.swift in Sources */,
				D8FDE37429FAF25700E62522 /* CarbohydrateData.swift in Sources */,
				D82E567D29F99839004F1DBD /* SubscriptionsViewModel.swift in Sources */,
				D82E56A629F9A311004F1DBD /* LanguageModel.swift in Sources */,
				D82E569929F9A311004F1DBD /* BloodGlucoseData.swift in Sources */,
				D86B56922A23E22F007A1B6D /* HubView.swift in Sources */,
				D82E567B29F99839004F1DBD /* Subscriptions.swift in Sources */,
				D82E568F29F9983C004F1DBD /* BloodGLucoseViewHandlers.swift in Sources */,
				D82E567C29F99839004F1DBD /* SubscriptionsView.swift in Sources */,
				D82E56E429F9A7A3004F1DBD /* enums.swift in Sources */,
				D82E569C29F9A311004F1DBD /* ConsoleView.swift in Sources */,
				D86B56B52A2688D5007A1B6D /* WhyShuggaView.swift in Sources */,
				D82E569529F9A311004F1DBD /* DateModel.swift in Sources */,
				D86B56B82A268C92007A1B6D /* UserAgreementView.swift in Sources */,
				D82E568C29F9983C004F1DBD /* SettingsView.swift in Sources */,
				D82E569F29F9A311004F1DBD /* TheHealthBrain.swift in Sources */,
				D82E569B29F9A311004F1DBD /* HeartRateData.swift in Sources */,
				D82E568929F9983C004F1DBD /* SettingsViewComponentView.swft.swift in Sources */,
				D86B569D2A262E18007A1B6D /* FAQsView.swift in Sources */,
				D82E56A229F9A311004F1DBD /* AudioModel.swift in Sources */,
				D86B56A02A26306A007A1B6D /* Enums.docs.swift in Sources */,
				D82E56A129F9A311004F1DBD /* ConsoleFunctions.swift in Sources */,
				D82E56B129F9A321004F1DBD /* Enums.LanguagePairs.swift in Sources */,
				D82E56A029F9A311004F1DBD /* DiabetesModel.swift in Sources */,
				D82E568A29F9983C004F1DBD /* SettingsDescriptionViews.swift in Sources */,
				D82E569729F9A311004F1DBD /* DebugMethods.swift in Sources */,
				D86B56A92A26482E007A1B6D /* Enum.Text.manuals.swift in Sources */,
				D82E56AC29F9A321004F1DBD /* Enums.Debugging.swift in Sources */,
				D86B56942A24A4F8007A1B6D /* AboutShuggaView.swift in Sources */,
				D82E569A29F9A311004F1DBD /* CGM_Model.swift in Sources */,
				D82E569129F998A6004F1DBD /* SceneDelegate.swift in Sources */,
				D82E569329F998CE004F1DBD /* LaunchScreenView.swift in Sources */,
				D82E568B29F9983C004F1DBD /* AboutSugahView.swift in Sources */,
				D82E56A529F9A311004F1DBD /* SweetnessModel.swift in Sources */,
				D82E56AD29F9A321004F1DBD /* Enums.WorldsUnit.swift in Sources */,
				D82E566E29F997E1004F1DBD /* ContentView.swift in Sources */,
				D86B56A62A264606007A1B6D /* ManualsView.swift in Sources */,
				D82E56AE29F9A321004F1DBD /* EnumsAndConstants.swift in Sources */,
				D82E56B029F9A321004F1DBD /* Enums.Voices.swift in Sources */,
				D82E568E29F9983C004F1DBD /* BloodGlucoseView.swift in Sources */,
				D86B56A32A263153007A1B6D /* AcknowledgmentsView.swift in Sources */,
				D82E56A329F9A311004F1DBD /* VoiceModel.swift in Sources */,
				D82E56A729F9A311004F1DBD /* UserInterfaceModel.swift in Sources */,
				D82E56AF29F9A321004F1DBD /* Enums.Errors.swift in Sources */,
				D82E56AA29F9A321004F1DBD /* Enums.Audio.swift in Sources */,
				D82E569E29F9A311004F1DBD /* StepCountData.swift in Sources */,
				D82E56A429F9A311004F1DBD /* SpeechModel.swift in Sources */,
				D82E56A929F9A31B004F1DBD /* Extensions.swift in Sources */,
				D86B56AC2A2652FC007A1B6D /* YouGotDis.swift in Sources */,
				D82E566C29F997E1004F1DBD /* Shugga_for_LoopApp.swift in Sources */,
				D82E56AB29F9A321004F1DBD /* Enums.TextBlocks.swift in Sources */,
				D82E569D29F9A311004F1DBD /* ShuggaStatusClass.swift in Sources */,
			);
			runOnlyForDeploymentPostprocessing = 0;
		};
/* End PBXSourcesBuildPhase section */

/* Begin PBXTargetDependency section */
		D8BDA7152A11BA580076690F /* PBXTargetDependency */ = {
			isa = PBXTargetDependency;
			productRef = D8BDA7142A11BA580076690F /* ReceiptParser */;
		};
		D8BDA7172A11BA580076690F /* PBXTargetDependency */ = {
			isa = PBXTargetDependency;
			productRef = D8BDA7162A11BA580076690F /* RevenueCat */;
		};
		D8BDA7192A11BA580076690F /* PBXTargetDependency */ = {
			isa = PBXTargetDependency;
			productRef = D8BDA7182A11BA580076690F /* RevenueCat_CustomEntitlementComputation */;
		};
/* End PBXTargetDependency section */

/* Begin XCBuildConfiguration section */
		D803D98E29A9335D006F4D6A /* Debug */ = {
			isa = XCBuildConfiguration;
			buildSettings = {
				ALWAYS_SEARCH_USER_PATHS = NO;
				CLANG_ANALYZER_NONNULL = YES;
				CLANG_ANALYZER_NUMBER_OBJECT_CONVERSION = YES_AGGRESSIVE;
				CLANG_CXX_LANGUAGE_STANDARD = "gnu++20";
				CLANG_ENABLE_MODULES = YES;
				CLANG_ENABLE_OBJC_ARC = YES;
				CLANG_ENABLE_OBJC_WEAK = YES;
				CLANG_WARN_BLOCK_CAPTURE_AUTORELEASING = YES;
				CLANG_WARN_BOOL_CONVERSION = YES;
				CLANG_WARN_COMMA = YES;
				CLANG_WARN_CONSTANT_CONVERSION = YES;
				CLANG_WARN_DEPRECATED_OBJC_IMPLEMENTATIONS = YES;
				CLANG_WARN_DIRECT_OBJC_ISA_USAGE = YES_ERROR;
				CLANG_WARN_DOCUMENTATION_COMMENTS = YES;
				CLANG_WARN_EMPTY_BODY = YES;
				CLANG_WARN_ENUM_CONVERSION = YES;
				CLANG_WARN_INFINITE_RECURSION = YES;
				CLANG_WARN_INT_CONVERSION = YES;
				CLANG_WARN_NON_LITERAL_NULL_CONVERSION = YES;
				CLANG_WARN_OBJC_IMPLICIT_RETAIN_SELF = YES;
				CLANG_WARN_OBJC_LITERAL_CONVERSION = YES;
				CLANG_WARN_OBJC_ROOT_CLASS = YES_ERROR;
				CLANG_WARN_QUOTED_INCLUDE_IN_FRAMEWORK_HEADER = YES;
				CLANG_WARN_RANGE_LOOP_ANALYSIS = YES;
				CLANG_WARN_STRICT_PROTOTYPES = YES;
				CLANG_WARN_SUSPICIOUS_MOVE = YES;
				CLANG_WARN_UNGUARDED_AVAILABILITY = YES_AGGRESSIVE;
				CLANG_WARN_UNREACHABLE_CODE = YES;
				CLANG_WARN__DUPLICATE_METHOD_MATCH = YES;
				COPY_PHASE_STRIP = NO;
				DEBUG_INFORMATION_FORMAT = dwarf;
				ENABLE_STRICT_OBJC_MSGSEND = YES;
				ENABLE_TESTABILITY = YES;
				GCC_C_LANGUAGE_STANDARD = gnu11;
				GCC_DYNAMIC_NO_PIC = NO;
				GCC_NO_COMMON_BLOCKS = YES;
				GCC_OPTIMIZATION_LEVEL = 0;
				GCC_PREPROCESSOR_DEFINITIONS = (
					"DEBUG=1",
					"$(inherited)",
				);
				GCC_WARN_64_TO_32_BIT_CONVERSION = YES;
				GCC_WARN_ABOUT_RETURN_TYPE = YES_ERROR;
				GCC_WARN_UNDECLARED_SELECTOR = YES;
				GCC_WARN_UNINITIALIZED_AUTOS = YES_AGGRESSIVE;
				GCC_WARN_UNUSED_FUNCTION = YES;
				GCC_WARN_UNUSED_VARIABLE = YES;
				IPHONEOS_DEPLOYMENT_TARGET = 15.6;
				MTL_ENABLE_DEBUG_INFO = INCLUDE_SOURCE;
				MTL_FAST_MATH = YES;
				ONLY_ACTIVE_ARCH = YES;
				SDKROOT = iphoneos;
				SWIFT_ACTIVE_COMPILATION_CONDITIONS = DEBUG;
				SWIFT_OPTIMIZATION_LEVEL = "-Onone";
			};
			name = Debug;
		};
		D803D98F29A9335D006F4D6A /* Release */ = {
			isa = XCBuildConfiguration;
			buildSettings = {
				ALWAYS_SEARCH_USER_PATHS = NO;
				CLANG_ANALYZER_NONNULL = YES;
				CLANG_ANALYZER_NUMBER_OBJECT_CONVERSION = YES_AGGRESSIVE;
				CLANG_CXX_LANGUAGE_STANDARD = "gnu++20";
				CLANG_ENABLE_MODULES = YES;
				CLANG_ENABLE_OBJC_ARC = YES;
				CLANG_ENABLE_OBJC_WEAK = YES;
				CLANG_WARN_BLOCK_CAPTURE_AUTORELEASING = YES;
				CLANG_WARN_BOOL_CONVERSION = YES;
				CLANG_WARN_COMMA = YES;
				CLANG_WARN_CONSTANT_CONVERSION = YES;
				CLANG_WARN_DEPRECATED_OBJC_IMPLEMENTATIONS = YES;
				CLANG_WARN_DIRECT_OBJC_ISA_USAGE = YES_ERROR;
				CLANG_WARN_DOCUMENTATION_COMMENTS = YES;
				CLANG_WARN_EMPTY_BODY = YES;
				CLANG_WARN_ENUM_CONVERSION = YES;
				CLANG_WARN_INFINITE_RECURSION = YES;
				CLANG_WARN_INT_CONVERSION = YES;
				CLANG_WARN_NON_LITERAL_NULL_CONVERSION = YES;
				CLANG_WARN_OBJC_IMPLICIT_RETAIN_SELF = YES;
				CLANG_WARN_OBJC_LITERAL_CONVERSION = YES;
				CLANG_WARN_OBJC_ROOT_CLASS = YES_ERROR;
				CLANG_WARN_QUOTED_INCLUDE_IN_FRAMEWORK_HEADER = YES;
				CLANG_WARN_RANGE_LOOP_ANALYSIS = YES;
				CLANG_WARN_STRICT_PROTOTYPES = YES;
				CLANG_WARN_SUSPICIOUS_MOVE = YES;
				CLANG_WARN_UNGUARDED_AVAILABILITY = YES_AGGRESSIVE;
				CLANG_WARN_UNREACHABLE_CODE = YES;
				CLANG_WARN__DUPLICATE_METHOD_MATCH = YES;
				COPY_PHASE_STRIP = NO;
				DEBUG_INFORMATION_FORMAT = "dwarf-with-dsym";
				ENABLE_NS_ASSERTIONS = NO;
				ENABLE_STRICT_OBJC_MSGSEND = YES;
				GCC_C_LANGUAGE_STANDARD = gnu11;
				GCC_NO_COMMON_BLOCKS = YES;
				GCC_WARN_64_TO_32_BIT_CONVERSION = YES;
				GCC_WARN_ABOUT_RETURN_TYPE = YES_ERROR;
				GCC_WARN_UNDECLARED_SELECTOR = YES;
				GCC_WARN_UNINITIALIZED_AUTOS = YES_AGGRESSIVE;
				GCC_WARN_UNUSED_FUNCTION = YES;
				GCC_WARN_UNUSED_VARIABLE = YES;
				IPHONEOS_DEPLOYMENT_TARGET = 15.6;
				MTL_ENABLE_DEBUG_INFO = NO;
				MTL_FAST_MATH = YES;
				SDKROOT = iphoneos;
				SWIFT_COMPILATION_MODE = wholemodule;
				SWIFT_OPTIMIZATION_LEVEL = "-O";
				VALIDATE_PRODUCT = YES;
			};
			name = Release;
		};
		D803D99129A9335D006F4D6A /* Debug */ = {
			isa = XCBuildConfiguration;
			buildSettings = {
				ASSETCATALOG_COMPILER_APPICON_NAME = AppIcon;
				ASSETCATALOG_COMPILER_GLOBAL_ACCENT_COLOR_NAME = AccentColor;
				CODE_SIGN_ENTITLEMENTS = Shugga/Shugga.entitlements;
				CODE_SIGN_STYLE = Automatic;
				CURRENT_PROJECT_VERSION = 105;
				DEVELOPMENT_ASSET_PATHS = "\"Shugga/Preview Content\"";
				DEVELOPMENT_TEAM = 8GCPJMPAY8;
				ENABLE_PREVIEWS = YES;
				GENERATE_INFOPLIST_FILE = YES;
				INFOPLIST_FILE = Shugga/Info.plist;
				INFOPLIST_KEY_CFBundleDisplayName = Shugga;
				INFOPLIST_KEY_LSApplicationCategoryType = "public.app-category.medical";
				INFOPLIST_KEY_NSHealthClinicalHealthRecordsShareUsageDescription = "The app needs to access your blood glucose (and optionally carbohydrate intake and steps taken )inside Health to functdion.";
				INFOPLIST_KEY_NSHealthShareUsageDescription = "The app needs to access your blood glucose (and optionally carbohydrate intake and steps taken )inside Health to functdion.";
				INFOPLIST_KEY_NSHealthUpdateUsageDescription = "The app needs to access your blood glucose (and optionally carbohydrate intake and steps taken )inside Health to functdion. This app does not modify any Health data";
				INFOPLIST_KEY_UIApplicationSceneManifest_Generation = YES;
				INFOPLIST_KEY_UIApplicationSupportsIndirectInputEvents = YES;
				INFOPLIST_KEY_UILaunchScreen_Generation = YES;
				INFOPLIST_KEY_UISupportedInterfaceOrientations = UIInterfaceOrientationPortrait;
				INFOPLIST_KEY_UISupportedInterfaceOrientations_iPad = "UIInterfaceOrientationLandscapeLeft UIInterfaceOrientationLandscapeRight UIInterfaceOrientationPortrait UIInterfaceOrientationPortraitUpsideDown";
				IPHONEOS_DEPLOYMENT_TARGET = 16.1;
				LD_RUNPATH_SEARCH_PATHS = (
					"$(inherited)",
					"@executable_path/Frameworks",
				);
				MARKETING_VERSION = 0.9;
				PRODUCT_BUNDLE_IDENTIFIER = center.outside.shugga;
				PRODUCT_NAME = "$(TARGET_NAME)";
				SUPPORTED_PLATFORMS = "iphoneos iphonesimulator";
				SUPPORTS_MACCATALYST = NO;
				SUPPORTS_MAC_DESIGNED_FOR_IPHONE_IPAD = NO;
				SWIFT_EMIT_LOC_STRINGS = YES;
				SWIFT_VERSION = 5.0;
				TARGETED_DEVICE_FAMILY = 1;
			};
			name = Debug;
		};
		D803D99229A9335D006F4D6A /* Release */ = {
			isa = XCBuildConfiguration;
			buildSettings = {
				ASSETCATALOG_COMPILER_APPICON_NAME = AppIcon;
				ASSETCATALOG_COMPILER_GLOBAL_ACCENT_COLOR_NAME = AccentColor;
				CODE_SIGN_ENTITLEMENTS = Shugga/Shugga.entitlements;
				CODE_SIGN_STYLE = Automatic;
				CURRENT_PROJECT_VERSION = 105;
				DEVELOPMENT_ASSET_PATHS = "\"Shugga/Preview Content\"";
				DEVELOPMENT_TEAM = 8GCPJMPAY8;
				ENABLE_PREVIEWS = YES;
				GENERATE_INFOPLIST_FILE = YES;
				INFOPLIST_FILE = Shugga/Info.plist;
				INFOPLIST_KEY_CFBundleDisplayName = Shugga;
				INFOPLIST_KEY_LSApplicationCategoryType = "public.app-category.medical";
				INFOPLIST_KEY_NSHealthClinicalHealthRecordsShareUsageDescription = "The app needs to access your blood glucose (and optionally carbohydrate intake and steps taken )inside Health to functdion.";
				INFOPLIST_KEY_NSHealthShareUsageDescription = "The app needs to access your blood glucose (and optionally carbohydrate intake and steps taken )inside Health to functdion.";
				INFOPLIST_KEY_NSHealthUpdateUsageDescription = "The app needs to access your blood glucose (and optionally carbohydrate intake and steps taken )inside Health to functdion. This app does not modify any Health data";
				INFOPLIST_KEY_UIApplicationSceneManifest_Generation = YES;
				INFOPLIST_KEY_UIApplicationSupportsIndirectInputEvents = YES;
				INFOPLIST_KEY_UILaunchScreen_Generation = YES;
				INFOPLIST_KEY_UISupportedInterfaceOrientations = UIInterfaceOrientationPortrait;
				INFOPLIST_KEY_UISupportedInterfaceOrientations_iPad = "UIInterfaceOrientationLandscapeLeft UIInterfaceOrientationLandscapeRight UIInterfaceOrientationPortrait UIInterfaceOrientationPortraitUpsideDown";
				IPHONEOS_DEPLOYMENT_TARGET = 16.1;
				LD_RUNPATH_SEARCH_PATHS = (
					"$(inherited)",
					"@executable_path/Frameworks",
				);
				MARKETING_VERSION = 0.9;
				PRODUCT_BUNDLE_IDENTIFIER = center.outside.shugga;
				PRODUCT_NAME = "$(TARGET_NAME)";
				SUPPORTED_PLATFORMS = "iphoneos iphonesimulator";
				SUPPORTS_MACCATALYST = NO;
				SUPPORTS_MAC_DESIGNED_FOR_IPHONE_IPAD = NO;
				SWIFT_EMIT_LOC_STRINGS = YES;
				SWIFT_VERSION = 5.0;
				TARGETED_DEVICE_FAMILY = 1;
			};
			name = Release;
		};
		D82E567429F997E2004F1DBD /* Debug */ = {
			isa = XCBuildConfiguration;
			buildSettings = {
				ASSETCATALOG_COMPILER_APPICON_NAME = AppIcon;
				ASSETCATALOG_COMPILER_GLOBAL_ACCENT_COLOR_NAME = AccentColor;
				CODE_SIGN_ENTITLEMENTS = "Shugga for Loop/Shugga for Loop.entitlements";
				CODE_SIGN_STYLE = Automatic;
				CURRENT_PROJECT_VERSION = 125;
				DEVELOPMENT_ASSET_PATHS = "\"Shugga for Loop/Preview Content\"";
				DEVELOPMENT_TEAM = 8GCPJMPAY8;
				ENABLE_PREVIEWS = YES;
				GENERATE_INFOPLIST_FILE = YES;
				INFOPLIST_FILE = "Shugga-for-Loop-Info.plist";
				INFOPLIST_KEY_LSApplicationCategoryType = "public.app-category.medical";
				INFOPLIST_KEY_NSHealthClinicalHealthRecordsShareUsageDescription = "The app needs to access your blood glucose (and optionally carbohydrate intake and steps taken )inside Health to functdion.";
				INFOPLIST_KEY_NSHealthShareUsageDescription = "The app needs to access your blood glucose (and optionally carbohydrate intake and steps taken )inside Health to functdion.";
				INFOPLIST_KEY_NSHealthUpdateUsageDescription = "For this app to work, you will need to give a read access to your blood glucose data (carb and steps are optional)";
				INFOPLIST_KEY_UIApplicationSceneManifest_Generation = YES;
				INFOPLIST_KEY_UIApplicationSupportsIndirectInputEvents = YES;
				INFOPLIST_KEY_UILaunchScreen_Generation = YES;
				INFOPLIST_KEY_UISupportedInterfaceOrientations = UIInterfaceOrientationPortrait;
				INFOPLIST_KEY_UISupportedInterfaceOrientations_iPad = "UIInterfaceOrientationLandscapeLeft UIInterfaceOrientationLandscapeRight UIInterfaceOrientationPortrait UIInterfaceOrientationPortraitUpsideDown";
				IPHONEOS_DEPLOYMENT_TARGET = 15.7;
				LD_RUNPATH_SEARCH_PATHS = (
					"$(inherited)",
					"@executable_path/Frameworks",
				);
				MARKETING_VERSION = 0.1;
				PRODUCT_BUNDLE_IDENTIFIER = "center.outside.shugga.Shugga-for-Loop";
				PRODUCT_NAME = "$(TARGET_NAME)";
				SWIFT_EMIT_LOC_STRINGS = YES;
				SWIFT_VERSION = 5.0;
				TARGETED_DEVICE_FAMILY = "1,2";
			};
			name = Debug;
		};
		D82E567529F997E2004F1DBD /* Release */ = {
			isa = XCBuildConfiguration;
			buildSettings = {
				ASSETCATALOG_COMPILER_APPICON_NAME = AppIcon;
				ASSETCATALOG_COMPILER_GLOBAL_ACCENT_COLOR_NAME = AccentColor;
				CODE_SIGN_ENTITLEMENTS = "Shugga for Loop/Shugga for Loop.entitlements";
				CODE_SIGN_STYLE = Automatic;
				CURRENT_PROJECT_VERSION = 125;
				DEVELOPMENT_ASSET_PATHS = "\"Shugga for Loop/Preview Content\"";
				DEVELOPMENT_TEAM = 8GCPJMPAY8;
				ENABLE_PREVIEWS = YES;
				GENERATE_INFOPLIST_FILE = YES;
				INFOPLIST_FILE = "Shugga-for-Loop-Info.plist";
				INFOPLIST_KEY_LSApplicationCategoryType = "public.app-category.medical";
				INFOPLIST_KEY_NSHealthClinicalHealthRecordsShareUsageDescription = "The app needs to access your blood glucose (and optionally carbohydrate intake and steps taken )inside Health to functdion.";
				INFOPLIST_KEY_NSHealthShareUsageDescription = "The app needs to access your blood glucose (and optionally carbohydrate intake and steps taken )inside Health to functdion.";
				INFOPLIST_KEY_NSHealthUpdateUsageDescription = "For this app to work, you will need to give a read access to your blood glucose data (carb and steps are optional)";
				INFOPLIST_KEY_UIApplicationSceneManifest_Generation = YES;
				INFOPLIST_KEY_UIApplicationSupportsIndirectInputEvents = YES;
				INFOPLIST_KEY_UILaunchScreen_Generation = YES;
				INFOPLIST_KEY_UISupportedInterfaceOrientations = UIInterfaceOrientationPortrait;
				INFOPLIST_KEY_UISupportedInterfaceOrientations_iPad = "UIInterfaceOrientationLandscapeLeft UIInterfaceOrientationLandscapeRight UIInterfaceOrientationPortrait UIInterfaceOrientationPortraitUpsideDown";
				IPHONEOS_DEPLOYMENT_TARGET = 15.7;
				LD_RUNPATH_SEARCH_PATHS = (
					"$(inherited)",
					"@executable_path/Frameworks",
				);
				MARKETING_VERSION = 0.1;
				PRODUCT_BUNDLE_IDENTIFIER = "center.outside.shugga.Shugga-for-Loop";
				PRODUCT_NAME = "$(TARGET_NAME)";
				SWIFT_EMIT_LOC_STRINGS = YES;
				SWIFT_VERSION = 5.0;
				TARGETED_DEVICE_FAMILY = "1,2";
			};
			name = Release;
		};
/* End XCBuildConfiguration section */

/* Begin XCConfigurationList section */
		D803D97D29A9335C006F4D6A /* Build configuration list for PBXProject "Shugga" */ = {
			isa = XCConfigurationList;
			buildConfigurations = (
				D803D98E29A9335D006F4D6A /* Debug */,
				D803D98F29A9335D006F4D6A /* Release */,
			);
			defaultConfigurationIsVisible = 0;
			defaultConfigurationName = Release;
		};
		D803D99029A9335D006F4D6A /* Build configuration list for PBXNativeTarget "Shugga" */ = {
			isa = XCConfigurationList;
			buildConfigurations = (
				D803D99129A9335D006F4D6A /* Debug */,
				D803D99229A9335D006F4D6A /* Release */,
			);
			defaultConfigurationIsVisible = 0;
			defaultConfigurationName = Release;
		};
		D82E567629F997E2004F1DBD /* Build configuration list for PBXNativeTarget "ShuggaShugga" */ = {
			isa = XCConfigurationList;
			buildConfigurations = (
				D82E567429F997E2004F1DBD /* Debug */,
				D82E567529F997E2004F1DBD /* Release */,
			);
			defaultConfigurationIsVisible = 0;
			defaultConfigurationName = Release;
		};
/* End XCConfigurationList section */

/* Begin XCRemoteSwiftPackageReference section */
		D8BDA7072A11B86A0076690F /* XCRemoteSwiftPackageReference "purchases-ios" */ = {
			isa = XCRemoteSwiftPackageReference;
			repositoryURL = "https://github.com/RevenueCat/purchases-ios.git";
			requirement = {
				kind = upToNextMajorVersion;
				minimumVersion = 4.0.0;
			};
		};
/* End XCRemoteSwiftPackageReference section */

/* Begin XCSwiftPackageProductDependency section */
		D8BDA7142A11BA580076690F /* ReceiptParser */ = {
			isa = XCSwiftPackageProductDependency;
			package = D8BDA7072A11B86A0076690F /* XCRemoteSwiftPackageReference "purchases-ios" */;
			productName = ReceiptParser;
		};
		D8BDA7162A11BA580076690F /* RevenueCat */ = {
			isa = XCSwiftPackageProductDependency;
			package = D8BDA7072A11B86A0076690F /* XCRemoteSwiftPackageReference "purchases-ios" */;
			productName = RevenueCat;
		};
		D8BDA7182A11BA580076690F /* RevenueCat_CustomEntitlementComputation */ = {
			isa = XCSwiftPackageProductDependency;
			package = D8BDA7072A11B86A0076690F /* XCRemoteSwiftPackageReference "purchases-ios" */;
			productName = RevenueCat_CustomEntitlementComputation;
		};
/* End XCSwiftPackageProductDependency section */
	};
	rootObject = D803D97A29A9335C006F4D6A /* Project object */;
}
